
Microsoft Visual Studio Solution File, Format Version 12.00
# Visual Studio Version 17
VisualStudioVersion = 17.2.32505.173
MinimumVisualStudioVersion = 10.0.40219.1
Project("{8BC9CEB8-8B4A-11D0-8D11-00A0C91BC942}") = "Lesson1_C_FirstApp", "Lesson1_C_FirstApp\Lesson1_C_FirstApp.vcxproj", "{C958807C-6E29-44AE-A206-A0028760D5E8}"
EndProject
Project("{888888A0-9F3D-457C-B088-3A5042F75D52}") = "Lesson1_Python_FirstApp", "Lesson1_Python_FirstApp\Lesson1_Python_FirstApp.pyproj", "{1EC11046-BB0F-4C09-8564-855A2963CEA7}"
EndProject
Project("{8BC9CEB8-8B4A-11D0-8D11-00A0C91BC942}") = "Lesson2_C_Variables", "Lesson2_C_Variables\Lesson2_C_Variables.vcxproj", "{DA09F553-89FC-406B-88A8-A67791ECB094}"
EndProject
Project("{888888A0-9F3D-457C-B088-3A5042F75D52}") = "Lesson2_Variables", "Lesson2_Variables\Lesson2_Variables.pyproj", "{C0D0E389-977B-4F00-AADA-B543A9D6252A}"
EndProject
Project("{8BC9CEB8-8B4A-11D0-8D11-00A0C91BC942}") = "Lesson3_IO", "Lesson3_IO\Lesson3_IO.vcxproj", "{B5625FD2-E771-4AC0-9E5C-5942CCEC9CB1}"
EndProject
Project("{888888A0-9F3D-457C-B088-3A5042F75D52}") = "Lesson3_Python_IO", "Lesson3_Python_IO\Lesson3_Python_IO.pyproj", "{31EAD9F2-9FB4-43FA-B683-47D6BDB60007}"
EndProject
Global
	GlobalSection(SolutionConfigurationPlatforms) = preSolution
		Debug|Any CPU = Debug|Any CPU
		Debug|x64 = Debug|x64
		Debug|x86 = Debug|x86
		Release|Any CPU = Release|Any CPU
		Release|x64 = Release|x64
		Release|x86 = Release|x86
	EndGlobalSection
	GlobalSection(ProjectConfigurationPlatforms) = postSolution
		{C958807C-6E29-44AE-A206-A0028760D5E8}.Debug|Any CPU.ActiveCfg = Debug|x64
		{C958807C-6E29-44AE-A206-A0028760D5E8}.Debug|Any CPU.Build.0 = Debug|x64
		{C958807C-6E29-44AE-A206-A0028760D5E8}.Debug|x64.ActiveCfg = Debug|x64
		{C958807C-6E29-44AE-A206-A0028760D5E8}.Debug|x64.Build.0 = Debug|x64
		{C958807C-6E29-44AE-A206-A0028760D5E8}.Debug|x86.ActiveCfg = Debug|Win32
		{C958807C-6E29-44AE-A206-A0028760D5E8}.Debug|x86.Build.0 = Debug|Win32
		{C958807C-6E29-44AE-A206-A0028760D5E8}.Release|Any CPU.ActiveCfg = Release|x64
		{C958807C-6E29-44AE-A206-A0028760D5E8}.Release|Any CPU.Build.0 = Release|x64
		{C958807C-6E29-44AE-A206-A0028760D5E8}.Release|x64.ActiveCfg = Release|x64
		{C958807C-6E29-44AE-A206-A0028760D5E8}.Release|x64.Build.0 = Release|x64
		{C958807C-6E29-44AE-A206-A0028760D5E8}.Release|x86.ActiveCfg = Release|Win32
		{C958807C-6E29-44AE-A206-A0028760D5E8}.Release|x86.Build.0 = Release|Win32
		{1EC11046-BB0F-4C09-8564-855A2963CEA7}.Debug|Any CPU.ActiveCfg = Debug|Any CPU
		{1EC11046-BB0F-4C09-8564-855A2963CEA7}.Debug|x64.ActiveCfg = Debug|Any CPU
		{1EC11046-BB0F-4C09-8564-855A2963CEA7}.Debug|x86.ActiveCfg = Debug|Any CPU
		{1EC11046-BB0F-4C09-8564-855A2963CEA7}.Release|Any CPU.ActiveCfg = Release|Any CPU
		{1EC11046-BB0F-4C09-8564-855A2963CEA7}.Release|x64.ActiveCfg = Release|Any CPU
		{1EC11046-BB0F-4C09-8564-855A2963CEA7}.Release|x86.ActiveCfg = Release|Any CPU
		{DA09F553-89FC-406B-88A8-A67791ECB094}.Debug|Any CPU.ActiveCfg = Debug|x64
		{DA09F553-89FC-406B-88A8-A67791ECB094}.Debug|Any CPU.Build.0 = Debug|x64
		{DA09F553-89FC-406B-88A8-A67791ECB094}.Debug|x64.ActiveCfg = Debug|x64
		{DA09F553-89FC-406B-88A8-A67791ECB094}.Debug|x64.Build.0 = Debug|x64
		{DA09F553-89FC-406B-88A8-A67791ECB094}.Debug|x86.ActiveCfg = Debug|Win32
		{DA09F553-89FC-406B-88A8-A67791ECB094}.Debug|x86.Build.0 = Debug|Win32
		{DA09F553-89FC-406B-88A8-A67791ECB094}.Release|Any CPU.ActiveCfg = Release|x64
		{DA09F553-89FC-406B-88A8-A67791ECB094}.Release|Any CPU.Build.0 = Release|x64
		{DA09F553-89FC-406B-88A8-A67791ECB094}.Release|x64.ActiveCfg = Release|x64
		{DA09F553-89FC-406B-88A8-A67791ECB094}.Release|x64.Build.0 = Release|x64
		{DA09F553-89FC-406B-88A8-A67791ECB094}.Release|x86.ActiveCfg = Release|Win32
		{DA09F553-89FC-406B-88A8-A67791ECB094}.Release|x86.Build.0 = Release|Win32
		{C0D0E389-977B-4F00-AADA-B543A9D6252A}.Debug|Any CPU.ActiveCfg = Debug|Any CPU
		{C0D0E389-977B-4F00-AADA-B543A9D6252A}.Debug|x64.ActiveCfg = Debug|Any CPU
		{C0D0E389-977B-4F00-AADA-B543A9D6252A}.Debug|x86.ActiveCfg = Debug|Any CPU
		{C0D0E389-977B-4F00-AADA-B543A9D6252A}.Release|Any CPU.ActiveCfg = Release|Any CPU
		{C0D0E389-977B-4F00-AADA-B543A9D6252A}.Release|x64.ActiveCfg = Release|Any CPU
		{C0D0E389-977B-4F00-AADA-B543A9D6252A}.Release|x86.ActiveCfg = Release|Any CPU
		{B5625FD2-E771-4AC0-9E5C-5942CCEC9CB1}.Debug|Any CPU.ActiveCfg = Debug|x64
		{B5625FD2-E771-4AC0-9E5C-5942CCEC9CB1}.Debug|Any CPU.Build.0 = Debug|x64
		{B5625FD2-E771-4AC0-9E5C-5942CCEC9CB1}.Debug|x64.ActiveCfg = Debug|x64
		{B5625FD2-E771-4AC0-9E5C-5942CCEC9CB1}.Debug|x64.Build.0 = Debug|x64
		{B5625FD2-E771-4AC0-9E5C-5942CCEC9CB1}.Debug|x86.ActiveCfg = Debug|Win32
		{B5625FD2-E771-4AC0-9E5C-5942CCEC9CB1}.Debug|x86.Build.0 = Debug|Win32
		{B5625FD2-E771-4AC0-9E5C-5942CCEC9CB1}.Release|Any CPU.ActiveCfg = Release|x64
		{B5625FD2-E771-4AC0-9E5C-5942CCEC9CB1}.Release|Any CPU.Build.0 = Release|x64
		{B5625FD2-E771-4AC0-9E5C-5942CCEC9CB1}.Release|x64.ActiveCfg = Release|x64
		{B5625FD2-E771-4AC0-9E5C-5942CCEC9CB1}.Release|x64.Build.0 = Release|x64
		{B5625FD2-E771-4AC0-9E5C-5942CCEC9CB1}.Release|x86.ActiveCfg = Release|Win32
		{B5625FD2-E771-4AC0-9E5C-5942CCEC9CB1}.Release|x86.Build.0 = Release|Win32
		{31EAD9F2-9FB4-43FA-B683-47D6BDB60007}.Debug|Any CPU.ActiveCfg = Debug|Any CPU
		{31EAD9F2-9FB4-43FA-B683-47D6BDB60007}.Debug|x64.ActiveCfg = Debug|Any CPU
		{31EAD9F2-9FB4-43FA-B683-47D6BDB60007}.Debug|x86.ActiveCfg = Debug|Any CPU
		{31EAD9F2-9FB4-43FA-B683-47D6BDB60007}.Release|Any CPU.ActiveCfg = Release|Any CPU
		{31EAD9F2-9FB4-43FA-B683-47D6BDB60007}.Release|x64.ActiveCfg = Release|Any CPU
		{31EAD9F2-9FB4-43FA-B683-47D6BDB60007}.Release|x86.ActiveCfg = Release|Any CPU
	EndGlobalSection
	GlobalSection(SolutionProperties) = preSolution
		HideSolutionNode = FALSE
	EndGlobalSection
	GlobalSection(ExtensibilityGlobals) = postSolution
		SolutionGuid = {7D56BC23-F143-4155-8BCE-480BA3AFAF02}
	EndGlobalSection
EndGlobal
